{
  "nodes": {
    "airserver-msi-src": {
      "flake": false,
      "locked": {
        "narHash": "sha256-StYhpZzcZTnULcr84caKC4sqTh9bljcgTghdpQA9bSg=",
        "type": "file",
        "url": "https://dl.airserver.com/pc32/AirServer-5.7.2-x64.msi"
      },
      "original": {
        "type": "file",
        "url": "https://dl.airserver.com/pc32/AirServer-5.7.2-x64.msi"
      }
    },
    "crane": {
      "locked": {
        "lastModified": 1785631643,
        "narHash": "sha256-H++/2dMt+5+tErKU+t5z6c4Xedvj9w+UPQYrpygwIPw=",
        "owner": "ipetkov",
        "repo": "crane",
        "rev": "b8d87f76ea4e4b6f30f2e6eaf3fbb60ff7d87167",
        "type": "github"
      },
      "original": {
        "owner": "ipetkov",
        "repo": "crane",
        "type": "github"
      }
    },
    "electron-linux-src": {
      "flake": false,
      "locked": {
        "narHash": "sha256-44NT3eD+i01fiPmfFDewlPOwN4c2YdmzzFrkHNX1cn8=",
        "type": "file",
        "url": "https://github.com/castlabs/electron-releases/releases/download/v43.0.0%2Bwvcus/electron-v43.0.0%2Bwvcus-linux-x64.zip"
      },
      "original": {
        "type": "file",
        "url": "https://github.com/castlabs/electron-releases/releases/download/v43.0.0%2Bwvcus/electron-v43.0.0%2Bwvcus-linux-x64.zip"
      }
    },
    "electron-windows-src": {
      "flake": false,
      "locked": {
        "narHash": "sha256-3G7QK2IfGPOPQN8MJsG9NaezdZUGgl1EkpnO1TVZUnA=",
        "type": "file",
        "url": "https://github.com/castlabs/electron-releases/releases/download/v43.0.0%2Bwvcus/electron-v43.0.0%2Bwvcus-win32-x64.zip"
      },
      "original": {
        "type": "file",
        "url": "https://github.com/castlabs/electron-releases/releases/download/v43.0.0%2Bwvcus/electron-v43.0.0%2Bwvcus-win32-x64.zip"
      }
    },
    "external-libldac-src": {
      "flake": false,
      "locked": {
        "lastModified": 1770030712,
        "narHash": "sha256-5jeqTyhSBtYky15Xw1lIbUxeGZMQQQdM/EQUFicyi3Y=",
        "owner": "open-vela",
        "repo": "external_libldac",
        "rev": "5b4bf66096ba0d69615efb2422ba3d023c34c2fd",
        "type": "github"
      },
      "original": {
        "owner": "open-vela",
        "repo": "external_libldac",
        "rev": "5b4bf66096ba0d69615efb2422ba3d023c34c2fd",
        "type": "github"
      }
    },
    "ffmpeg-windows-src": {
      "flake": false,
      "locked": {
        "narHash": "sha256-HF4vmQLCGnQAal/BBukXkV3HKTV+Y6dISFV7nI2e3Cw=",
        "type": "file",
        "url": "https://github.com/BtbN/FFmpeg-Builds/releases/download/autobuild-2026-07-24-13-32/ffmpeg-n7.1.5-10-g2aefd64d48-win64-lgpl-shared-7.1.zip"
      },
      "original": {
        "type": "file",
        "url": "https://github.com/BtbN/FFmpeg-Builds/releases/download/autobuild-2026-07-24-13-32/ffmpeg-n7.1.5-10-g2aefd64d48-win64-lgpl-shared-7.1.zip"
      }
    },
    "flake-parts": {
      "inputs": {
        "nixpkgs-lib": [
          "nix-direnv",
          "nixpkgs"
        ]
      },
      "locked": {
        "lastModified": 1782949081,
        "narHash": "sha256-vp6Y/Grm98ESt6ceOkWiHWyZRDV3J1RID4w+6NWK9yA=",
        "owner": "hercules-ci",
        "repo": "flake-parts",
        "rev": "17c9d6cdfc60c64f4ee8d306f9bc0b4ccb51481e",
        "type": "github"
      },
      "original": {
        "owner": "hercules-ci",
        "repo": "flake-parts",
        "type": "github"
      }
    },
    "moonlight-common-c-src": {
      "flake": false,
      "locked": {
        "lastModified": 1784774738,
        "narHash": "sha256-kj4qAW0Onfw9BLxvxBhW1/3+JoPABbu4/SDeDm2fKa4=",
        "owner": "moonlight-stream",
        "repo": "moonlight-common-c",
        "rev": "e41355ea01670fd4c830b384009d31dd0339a705",
        "type": "github"
      },
      "original": {
        "owner": "moonlight-stream",
        "repo": "moonlight-common-c",
        "rev": "e41355ea01670fd4c830b384009d31dd0339a705",
        "type": "github"
      }
    },
    "moonlight-enet-src": {
      "flake": false,
      "locked": {
        "lastModified": 1783827668,
        "narHash": "sha256-OPV4y7NgNV6V84BytsYKmMdULd0kN9dBPQ/+YfpcAVg=",
        "owner": "cgutman",
        "repo": "enet",
        "rev": "aca87840b57f045a1f7f9299e4b1b9b8e2a5e2f1",
        "type": "github"
      },
      "original": {
        "owner": "cgutman",
        "repo": "enet",
        "rev": "aca87840b57f045a1f7f9299e4b1b9b8e2a5e2f1",
        "type": "github"
      }
    },
    "moonlight-nanors-src": {
      "flake": false,
      "locked": {
        "lastModified": 1784385519,
        "narHash": "sha256-kmmfCWbU02MAEKXtIXYfi0GXamz1HEDgJp8dCj7aaEQ=",
        "owner": "sleepybishop",
        "repo": "nanors",
        "rev": "b1e3c22ca0cdc0bb83e3cd6ed1a2fc77869ed99a",
        "type": "github"
      },
      "original": {
        "owner": "sleepybishop",
        "repo": "nanors",
        "rev": "b1e3c22ca0cdc0bb83e3cd6ed1a2fc77869ed99a",
        "type": "github"
      }
    },
    "nix-direnv": {
      "inputs": {
        "flake-parts": "flake-parts",
        "nixpkgs": [
          "nixpkgs"
        ],
        "treefmt-nix": "treefmt-nix"
      },
      "locked": {
        "lastModified": 1785253632,
        "narHash": "sha256-P/h2C1LrXsTFlS+6V0eqhs2aQyoWYEAdis8ou+iWY8c=",
        "owner": "nix-community",
        "repo": "nix-direnv",
        "rev": "6f642b2f727479ecc632ac4ba63ff40c6b5b9b85",
        "type": "github"
      },
      "original": {
        "owner": "nix-community",
        "repo": "nix-direnv",
        "type": "github"
      }
    },
    "nixpkgs": {
      "locked": {
        "lastModified": 1785542685,
        "narHash": "sha256-sjfvXMbG5pCFgpvw2OZAFcZiTvrppCWvnB6cuGrSY08=",
        "owner": "NixOS",
        "repo": "nixpkgs",
        "rev": "f8e81fc7eb063db454f563cdd596fb96a5ad1497",
        "type": "github"
      },
      "original": {
        "owner": "NixOS",
        "ref": "nixpkgs-unstable",
        "repo": "nixpkgs",
        "type": "github"
      }
    },
    "openscreen-src": {
      "flake": false,
      "locked": {
        "lastModified": 1784241895,
        "narHash": "sha256-I+e6hCrJCfuEdmPbhuQlak011vS8GHoKyq1plN4R8Bo=",
        "ref": "refs/heads/main",
        "rev": "b13215d275c0c1661cf3d7c19f55ad7f59020938",
        "revCount": 1574,
        "type": "git",
        "url": "https://chromium.googlesource.com/openscreen"
      },
      "original": {
        "rev": "b13215d275c0c1661cf3d7c19f55ad7f59020938",
        "type": "git",
        "url": "https://chromium.googlesource.com/openscreen"
      }
    },
    "root": {
      "inputs": {
        "airserver-msi-src": "airserver-msi-src",
        "crane": "crane",
        "electron-linux-src": "electron-linux-src",
        "electron-windows-src": "electron-windows-src",
        "external-libldac-src": "external-libldac-src",
        "ffmpeg-windows-src": "ffmpeg-windows-src",
        "moonlight-common-c-src": "moonlight-common-c-src",
        "moonlight-enet-src": "moonlight-enet-src",
        "moonlight-nanors-src": "moonlight-nanors-src",
        "nix-direnv": "nix-direnv",
        "nixpkgs": "nixpkgs",
        "openscreen-src": "openscreen-src",
        "rust-overlay": "rust-overlay",
        "widevine-windows-src": "widevine-windows-src"
      }
    },
    "rust-overlay": {
      "inputs": {
        "nixpkgs": [
          "nixpkgs"
        ]
      },
      "locked": {
        "lastModified": 1785562362,
        "narHash": "sha256-J15aBa3d6B1SUUAQydQ06wFjPzrrcVceb6jkdfwfGls=",
        "owner": "oxalica",
        "repo": "rust-overlay",
        "rev": "5f29c219a7655519f8a9f8c6968064b82c17cc93",
        "type": "github"
      },
      "original": {
        "owner": "oxalica",
        "repo": "rust-overlay",
        "type": "github"
      }
    },
    "treefmt-nix": {
      "inputs": {
        "nixpkgs": [
          "nix-direnv",
          "nixpkgs"
        ]
      },
      "locked": {
        "lastModified": 1784369104,
        "narHash": "sha256-47cxbcZODibHv3rELFQ9vZly0vUNkND/atn/U7HLeb0=",
        "owner": "numtide",
        "repo": "treefmt-nix",
        "rev": "df3c0640565d04a0261253cdd89fce78ec50168a",
        "type": "github"
      },
      "original": {
        "owner": "numtide",
        "repo": "treefmt-nix",
        "type": "github"
      }
    },
    "widevine-windows-src": {
      "flake": false,
      "locked": {
        "narHash": "sha256-ubYC8yxAOvhZ/KvlMf/3rKcVGGAEZLo5lzjBOWsmRsA=",
        "type": "file",
        "url": "https://edgedl.me.gvt1.com/edgedl/release2/chrome_component/acddvywyhts76ngei465tcu7besa_4.10.3050.0/oimompecagnajdejgnnjijobebaeigek_4.10.3050.0_win64_adoev3c5ys462nbqhaead57zg2pa.crx3"
      },
      "original": {
        "type": "file",
        "url": "https://edgedl.me.gvt1.com/edgedl/release2/chrome_component/acddvywyhts76ngei465tcu7besa_4.10.3050.0/oimompecagnajdejgnnjijobebaeigek_4.10.3050.0_win64_adoev3c5ys462nbqhaead57zg2pa.crx3"
      }
    }
  },
  "root": "root",
  "version": 7
}
